// !$*UTF8*$!
{
	archiveVersion = 1;
	classes = {
	};
	objectVersion = 56;
	objects = {

/* Begin PBXBuildFile section */
		B6911233294F205D00C6CAB6 /* AppFastlaneApp.swift in Sources */ = {isa = PBXBuildFile; fileRef = B6911232294F205D00C6CAB6 /* AppFastlaneApp.swift */; };
		B6911235294F205D00C6CAB6 /* ContentView.swift in Sources */ = {isa = PBXBuildFile; fileRef = B6911234294F205D00C6CAB6 /* ContentView.swift */; };
		B6911237294F205E00C6CAB6 /* Assets.xcassets in Resources */ = {isa = PBXBuildFile; fileRef = B6911236294F205E00C6CAB6 /* Assets.xcassets */; };
		B691123A294F205E00C6CAB6 /* Preview Assets.xcassets in Resources */ = {isa = PBXBuildFile; fileRef = B6911239294F205E00C6CAB6 /* Preview Assets.xcassets */; };
		B6911247294F20C100C6CAB6 /* AppFastlaneTests.swift in Sources */ = {isa = PBXBuildFile; fileRef = B6911246294F20C100C6CAB6 /* AppFastlaneTests.swift */; };
/* End PBXBuildFile section */

/* Begin PBXContainerItemProxy section */
		B6911248294F20C100C6CAB6 /* PBXContainerItemProxy */ = {
			isa = PBXContainerItemProxy;
			containerPortal = B6911227294F205D00C6CAB6 /* Project object */;
			proxyType = 1;
			remoteGlobalIDString = B691122E294F205D00C6CAB6;
			remoteInfo = AppFastlane;
		};
/* End PBXContainerItemProxy section */

/* Begin PBXFileReference section */
		B691122F294F205D00C6CAB6 /* AppFastlane.app */ = {isa = PBXFileReference; explicitFileType = wrapper.application; includeInIndex = 0; path = AppFastlane.app; sourceTree = BUILT_PRODUCTS_DIR; };
		B6911232294F205D00C6CAB6 /* AppFastlaneApp.swift */ = {isa = PBXFileReference; lastKnownFileType = sourcecode.swift; path = AppFastlaneApp.swift; sourceTree = "<group>"; };
		B6911234294F205D00C6CAB6 /* ContentView.swift */ = {isa = PBXFileReference; lastKnownFileType = sourcecode.swift; path = ContentView.swift; sourceTree = "<group>"; };
		B6911236294F205E00C6CAB6 /* Assets.xcassets */ = {isa = PBXFileReference; lastKnownFileType = folder.assetcatalog; path = Assets.xcassets; sourceTree = "<group>"; };
		B6911239294F205E00C6CAB6 /* Preview Assets.xcassets */ = {isa = PBXFileReference; lastKnownFileType = folder.assetcatalog; path = "Preview Assets.xcassets"; sourceTree = "<group>"; };
		B6911244294F20C100C6CAB6 /* AppFastlaneTests.xctest */ = {isa = PBXFileReference; explicitFileType = wrapper.cfbundle; includeInIndex = 0; path = AppFastlaneTests.xctest; sourceTree = BUILT_PRODUCTS_DIR; };
		B6911246294F20C100C6CAB6 /* AppFastlaneTests.swift */ = {isa = PBXFileReference; lastKnownFileType = sourcecode.swift; path = AppFastlaneTests.swift; sourceTree = "<group>"; };
/* End PBXFileReference section */

/* Begin PBXFrameworksBuildPhase section */
		B691122C294F205D00C6CAB6 /* Frameworks */ = {
			isa = PBXFrameworksBuildPhase;
			buildActionMask = 2147483647;
			files = (
			);
			runOnlyForDeploymentPostprocessing = 0;
		};
		B6911241294F20C100C6CAB6 /* Frameworks */ = {
			isa = PBXFrameworksBuildPhase;
			buildActionMask = 2147483647;
			files = (
			);
			runOnlyForDeploymentPostprocessing = 0;
		};
/* End PBXFrameworksBuildPhase section */

/* Begin PBXGroup section */
		B6911226294F205D00C6CAB6 = {
			isa = PBXGroup;
			children = (
				B6911231294F205D00C6CAB6 /* AppFastlane */,
				B6911245294F20C100C6CAB6 /* AppFastlaneTests */,
				B6911230294F205D00C6CAB6 /* Products */,
			);
			sourceTree = "<group>";
		};
		B6911230294F205D00C6CAB6 /* Products */ = {
			isa = PBXGroup;
			children = (
				B691122F294F205D00C6CAB6 /* AppFastlane.app */,
				B6911244294F20C100C6CAB6 /* AppFastlaneTests.xctest */,
			);
			name = Products;
			sourceTree = "<group>";
		};
		B6911231294F205D00C6CAB6 /* AppFastlane */ = {
			isa = PBXGroup;
			children = (
				B6911232294F205D00C6CAB6 /* AppFastlaneApp.swift */,
				B6911234294F205D00C6CAB6 /* ContentView.swift */,
				B6911236294F205E00C6CAB6 /* Assets.xcassets */,
				B6911238294F205E00C6CAB6 /* Preview Content */,
			);
			path = AppFastlane;
			sourceTree = "<group>";
		};
		B6911238294F205E00C6CAB6 /* Preview Content */ = {
			isa = PBXGroup;
			children = (
				B6911239294F205E00C6CAB6 /* Preview Assets.xcassets */,
			);
			path = "Preview Content";
			sourceTree = "<group>";
		};
		B6911245294F20C100C6CAB6 /* AppFastlaneTests */ = {
			isa = PBXGroup;
			children = (
				B6911246294F20C100C6CAB6 /* AppFastlaneTests.swift */,
			);
			path = AppFastlaneTests;
			sourceTree = "<group>";
		};
/* End PBXGroup section */

/* Begin PBXNativeTarget section */
		B691122E294F205D00C6CAB6 /* AppFastlane */ = {
			isa = PBXNativeTarget;
			buildConfigurationList = B691123D294F205E00C6CAB6 /* Build configuration list for PBXNativeTarget "AppFastlane" */;
			buildPhases = (
				B691122B294F205D00C6CAB6 /* Sources */,
				B691122C294F205D00C6CAB6 /* Frameworks */,
				B691122D294F205D00C6CAB6 /* Resources */,
			);
			buildRules = (
			);
			dependencies = (
			);
			name = AppFastlane;
			productName = AppFastlane;
			productReference = B691122F294F205D00C6CAB6 /* AppFastlane.app */;
			productType = "com.apple.product-type.application";
		};
		B6911243294F20C100C6CAB6 /* AppFastlaneTests */ = {
			isa = PBXNativeTarget;
			buildConfigurationList = B691124A294F20C100C6CAB6 /* Build configuration list for PBXNativeTarget "AppFastlaneTests" */;
			buildPhases = (
				B6911240294F20C100C6CAB6 /* Sources */,
				B6911241294F20C100C6CAB6 /* Frameworks */,
				B6911242294F20C100C6CAB6 /* Resources */,
			);
			buildRules = (
			);
			dependencies = (
				B6911249294F20C100C6CAB6 /* PBXTargetDependency */,
			);
			name = AppFastlaneTests;
			productName = AppFastlaneTests;
			productReference = B6911244294F20C100C6CAB6 /* AppFastlaneTests.xctest */;
			productType = "com.apple.product-type.bundle.unit-test";
		};
/* End PBXNativeTarget section */

/* Begin PBXProject section */
		B6911227294F205D00C6CAB6 /* Project object */ = {
			isa = PBXProject;
			attributes = {
				BuildIndependentTargetsInParallel = 1;
				LastSwiftUpdateCheck = 1410;
				LastUpgradeCheck = 1410;
				TargetAttributes = {
					B691122E294F205D00C6CAB6 = {
						CreatedOnToolsVersion = 14.1;
					};
					B6911243294F20C100C6CAB6 = {
						CreatedOnToolsVersion = 14.1;
						TestTargetID = B691122E294F205D00C6CAB6;
					};
				};
			};
			buildConfigurationList = B691122A294F205D00C6CAB6 /* Build configuration list for PBXProject "AppFastlane" */;
			compatibilityVersion = "Xcode 14.0";
			developmentRegion = en;
			hasScannedForEncodings = 0;
			knownRegions = (
				en,
				Base,
			);
			mainGroup = B6911226294F205D00C6CAB6;
			productRefGroup = B6911230294F205D00C6CAB6 /* Products */;
			projectDirPath = "";
			projectRoot = "";
			targets = (
				B691122E294F205D00C6CAB6 /* AppFastlane */,
				B6911243294F20C100C6CAB6 /* AppFastlaneTests */,
			);
		};
/* End PBXProject section */

/* Begin PBXResourcesBuildPhase section */
		B691122D294F205D00C6CAB6 /* Resources */ = {
			isa = PBXResourcesBuildPhase;
			buildActionMask = 2147483647;
			files = (
				B691123A294F205E00C6CAB6 /* Preview Assets.xcassets in Resources */,
				B6911237294F205E00C6CAB6 /* Assets.xcassets in Resources */,
			);
			runOnlyForDeploymentPostprocessing = 0;
		};
		B6911242294F20C100C6CAB6 /* Resources */ = {
			isa = PBXResourcesBuildPhase;
			buildActionMask = 2147483647;
			files = (
			);
			runOnlyForDeploymentPostprocessing = 0;
		};
/* End PBXResourcesBuildPhase section */

/* Begin PBXSourcesBuildPhase section */
		B691122B294F205D00C6CAB6 /* Sources */ = {
			isa = PBXSourcesBuildPhase;
			buildActionMask = 2147483647;
			files = (
				B6911235294F205D00C6CAB6 /* ContentView.swift in Sources */,
				B6911233294F205D00C6CAB6 /* AppFastlaneApp.swift in Sources */,
			);
			runOnlyForDeploymentPostprocessing = 0;
		};
		B6911240294F20C100C6CAB6 /* Sources */ = {
			isa = PBXSourcesBuildPhase;
			buildActionMask = 2147483647;
			files = (
				B6911247294F20C100C6CAB6 /* AppFastlaneTests.swift in Sources */,
			);
			runOnlyForDeploymentPostprocessing = 0;
		};
/* End PBXSourcesBuildPhase section */

/* Begin PBXTargetDependency section */
		B6911249294F20C100C6CAB6 /* PBXTargetDependency */ = {
			isa = PBXTargetDependency;
			target = B691122E294F205D00C6CAB6 /* AppFastlane */;
			targetProxy = B6911248294F20C100C6CAB6 /* PBXContainerItemProxy */;
		};
/* End PBXTargetDependency section */

/* Begin XCBuildConfiguration section */
		B691123B294F205E00C6CAB6 /* Debug */ = {
			isa = XCBuildConfiguration;
			buildSettings = {
				ALWAYS_SEARCH_USER_PATHS = NO;
				CLANG_ANALYZER_NONNULL = YES;
				CLANG_ANALYZER_NUMBER_OBJECT_CONVERSION = YES_AGGRESSIVE;
				CLANG_CXX_LANGUAGE_STANDARD = "gnu++20";
				CLANG_ENABLE_MODULES = YES;
				CLANG_ENABLE_OBJC_ARC = YES;
				CLANG_ENABLE_OBJC_WEAK = YES;
				CLANG_WARN_BLOCK_CAPTURE_AUTORELEASING = YES;
				CLANG_WARN_BOOL_CONVERSION = YES;
				CLANG_WARN_COMMA = YES;
				CLANG_WARN_CONSTANT_CONVERSION = YES;
				CLANG_WARN_DEPRECATED_OBJC_IMPLEMENTATIONS = YES;
				CLANG_WARN_DIRECT_OBJC_ISA_USAGE = YES_ERROR;
				CLANG_WARN_DOCUMENTATION_COMMENTS = YES;
				CLANG_WARN_EMPTY_BODY = YES;
				CLANG_WARN_ENUM_CONVERSION = YES;
				CLANG_WARN_INFINITE_RECURSION = YES;
				CLANG_WARN_INT_CONVERSION = YES;
				CLANG_WARN_NON_LITERAL_NULL_CONVERSION = YES;
				CLANG_WARN_OBJC_IMPLICIT_RETAIN_SELF = YES;
				CLANG_WARN_OBJC_LITERAL_CONVERSION = YES;
				CLANG_WARN_OBJC_ROOT_CLASS = YES_ERROR;
				CLANG_WARN_QUOTED_INCLUDE_IN_FRAMEWORK_HEADER = YES;
				CLANG_WARN_RANGE_LOOP_ANALYSIS = YES;
				CLANG_WARN_STRICT_PROTOTYPES = YES;
				CLANG_WARN_SUSPICIOUS_MOVE = YES;
				CLANG_WARN_UNGUARDED_AVAILABILITY = YES_AGGRESSIVE;
				CLANG_WARN_UNREACHABLE_CODE = YES;
				CLANG_WARN__DUPLICATE_METHOD_MATCH = YES;
				COPY_PHASE_STRIP = NO;
				DEBUG_INFORMATION_FORMAT = dwarf;
				ENABLE_STRICT_OBJC_MSGSEND = YES;
				ENABLE_TESTABILITY = YES;
				GCC_C_LANGUAGE_STANDARD = gnu11;
				GCC_DYNAMIC_NO_PIC = NO;
				GCC_NO_COMMON_BLOCKS = YES;
				GCC_OPTIMIZATION_LEVEL = 0;
				GCC_PREPROCESSOR_DEFINITIONS = (
					"DEBUG=1",
					"$(inherited)",
				);
				GCC_WARN_64_TO_32_BIT_CONVERSION = YES;
				GCC_WARN_ABOUT_RETURN_TYPE = YES_ERROR;
				GCC_WARN_UNDECLARED_SELECTOR = YES;
				GCC_WARN_UNINITIALIZED_AUTOS = YES_AGGRESSIVE;
				GCC_WARN_UNUSED_FUNCTION = YES;
				GCC_WARN_UNUSED_VARIABLE = YES;
				IPHONEOS_DEPLOYMENT_TARGET = 15.2;
				MTL_ENABLE_DEBUG_INFO = INCLUDE_SOURCE;
				MTL_FAST_MATH = YES;
				ONLY_ACTIVE_ARCH = YES;
				SDKROOT = iphoneos;
				SWIFT_ACTIVE_COMPILATION_CONDITIONS = DEBUG;
				SWIFT_OPTIMIZATION_LEVEL = "-Onone";
			};
			name = Debug;
		};
		B691123C294F205E00C6CAB6 /* Release */ = {
			isa = XCBuildConfiguration;
			buildSettings = {
				ALWAYS_SEARCH_USER_PATHS = NO;
				CLANG_ANALYZER_NONNULL = YES;
				CLANG_ANALYZER_NUMBER_OBJECT_CONVERSION = YES_AGGRESSIVE;
				CLANG_CXX_LANGUAGE_STANDARD = "gnu++20";
				CLANG_ENABLE_MODULES = YES;
				CLANG_ENABLE_OBJC_ARC = YES;
				CLANG_ENABLE_OBJC_WEAK = YES;
				CLANG_WARN_BLOCK_CAPTURE_AUTORELEASING = YES;
				CLANG_WARN_BOOL_CONVERSION = YES;
				CLANG_WARN_COMMA = YES;
				CLANG_WARN_CONSTANT_CONVERSION = YES;
				CLANG_WARN_DEPRECATED_OBJC_IMPLEMENTATIONS = YES;
				CLANG_WARN_DIRECT_OBJC_ISA_USAGE = YES_ERROR;
				CLANG_WARN_DOCUMENTATION_COMMENTS = YES;
				CLANG_WARN_EMPTY_BODY = YES;
				CLANG_WARN_ENUM_CONVERSION = YES;
				CLANG_WARN_INFINITE_RECURSION = YES;
				CLANG_WARN_INT_CONVERSION = YES;
				CLANG_WARN_NON_LITERAL_NULL_CONVERSION = YES;
				CLANG_WARN_OBJC_IMPLICIT_RETAIN_SELF = YES;
				CLANG_WARN_OBJC_LITERAL_CONVERSION = YES;
				CLANG_WARN_OBJC_ROOT_CLASS = YES_ERROR;
				CLANG_WARN_QUOTED_INCLUDE_IN_FRAMEWORK_HEADER = YES;
				CLANG_WARN_RANGE_LOOP_ANALYSIS = YES;
				CLANG_WARN_STRICT_PROTOTYPES = YES;
				CLANG_WARN_SUSPICIOUS_MOVE = YES;
				CLANG_WARN_UNGUARDED_AVAILABILITY = YES_AGGRESSIVE;
				CLANG_WARN_UNREACHABLE_CODE = YES;
				CLANG_WARN__DUPLICATE_METHOD_MATCH = YES;
				COPY_PHASE_STRIP = NO;
				DEBUG_INFORMATION_FORMAT = "dwarf-with-dsym";
				ENABLE_NS_ASSERTIONS = NO;
				ENABLE_STRICT_OBJC_MSGSEND = YES;
				GCC_C_LANGUAGE_STANDARD = gnu11;
				GCC_NO_COMMON_BLOCKS = YES;
				GCC_WARN_64_TO_32_BIT_CONVERSION = YES;
				GCC_WARN_ABOUT_RETURN_TYPE = YES_ERROR;
				GCC_WARN_UNDECLARED_SELECTOR = YES;
				GCC_WARN_UNINITIALIZED_AUTOS = YES_AGGRESSIVE;
				GCC_WARN_UNUSED_FUNCTION = YES;
				GCC_WARN_UNUSED_VARIABLE = YES;
				IPHONEOS_DEPLOYMENT_TARGET = 15.2;
				MTL_ENABLE_DEBUG_INFO = NO;
				MTL_FAST_MATH = YES;
				SDKROOT = iphoneos;
				SWIFT_COMPILATION_MODE = wholemodule;
				SWIFT_OPTIMIZATION_LEVEL = "-O";
				VALIDATE_PRODUCT = YES;
			};
			name = Release;
		};
		B691123E294F205E00C6CAB6 /* Debug */ = {
			isa = XCBuildConfiguration;
			buildSettings = {
				ASSETCATALOG_COMPILER_APPICON_NAME = AppIcon;
				ASSETCATALOG_COMPILER_GLOBAL_ACCENT_COLOR_NAME = AccentColor;
				CODE_SIGN_STYLE = Automatic;
				CURRENT_PROJECT_VERSION = 1;
				DEVELOPMENT_ASSET_PATHS = "\"AppFastlane/Preview Content\"";
				DEVELOPMENT_TEAM = P3F223AN77;
				ENABLE_PREVIEWS = YES;
				GENERATE_INFOPLIST_FILE = YES;
				INFOPLIST_KEY_UIApplicationSceneManifest_Generation = YES;
				INFOPLIST_KEY_UIApplicationSupportsIndirectInputEvents = YES;
				INFOPLIST_KEY_UILaunchScreen_Generation = YES;
				INFOPLIST_KEY_UISupportedInterfaceOrientations_iPad = "UIInterfaceOrientationPortrait UIInterfaceOrientationPortraitUpsideDown UIInterfaceOrientationLandscapeLeft UIInterfaceOrientationLandscapeRight";
				INFOPLIST_KEY_UISupportedInterfaceOrientations_iPhone = "UIInterfaceOrientationPortrait UIInterfaceOrientationLandscapeLeft UIInterfaceOrientationLandscapeRight";
				IPHONEOS_DEPLOYMENT_TARGET = 15.2;
				LD_RUNPATH_SEARCH_PATHS = (
					"$(inherited)",
					"@executable_path/Frameworks",
				);
				MARKETING_VERSION = 1.0;
				PRODUCT_BUNDLE_IDENTIFIER = com.alfaraby.AppFastlane;
				PRODUCT_NAME = "$(TARGET_NAME)";
				SWIFT_EMIT_LOC_STRINGS = YES;
				SWIFT_VERSION = 5.0;
				TARGETED_DEVICE_FAMILY = "1,2";
			};
			name = Debug;
		};
		B691123F294F205E00C6CAB6 /* Release */ = {
			isa = XCBuildConfiguration;
			buildSettings = {
				ASSETCATALOG_COMPILER_APPICON_NAME = AppIcon;
				ASSETCATALOG_COMPILER_GLOBAL_ACCENT_COLOR_NAME = AccentColor;
				CODE_SIGN_STYLE = Automatic;
				CURRENT_PROJECT_VERSION = 1;
				DEVELOPMENT_ASSET_PATHS = "\"AppFastlane/Preview Content\"";
				DEVELOPMENT_TEAM = P3F223AN77;
				ENABLE_PREVIEWS = YES;
				GENERATE_INFOPLIST_FILE = YES;
				INFOPLIST_KEY_UIApplicationSceneManifest_Generation = YES;
				INFOPLIST_KEY_UIApplicationSupportsIndirectInputEvents = YES;
				INFOPLIST_KEY_UILaunchScreen_Generation = YES;
				INFOPLIST_KEY_UISupportedInterfaceOrientations_iPad = "UIInterfaceOrientationPortrait UIInterfaceOrientationPortraitUpsideDown UIInterfaceOrientationLandscapeLeft UIInterfaceOrientationLandscapeRight";
				INFOPLIST_KEY_UISupportedInterfaceOrientations_iPhone = "UIInterfaceOrientationPortrait UIInterfaceOrientationLandscapeLeft UIInterfaceOrientationLandscapeRight";
				IPHONEOS_DEPLOYMENT_TARGET = 15.2;
				LD_RUNPATH_SEARCH_PATHS = (
					"$(inherited)",
					"@executable_path/Frameworks",
				);
				MARKETING_VERSION = 1.0;
				PRODUCT_BUNDLE_IDENTIFIER = com.alfaraby.AppFastlane;
				PRODUCT_NAME = "$(TARGET_NAME)";
				SWIFT_EMIT_LOC_STRINGS = YES;
				SWIFT_VERSION = 5.0;
				TARGETED_DEVICE_FAMILY = "1,2";
			};
			name = Release;
		};
		B691124B294F20C100C6CAB6 /* Debug */ = {
			isa = XCBuildConfiguration;
			buildSettings = {
				BUNDLE_LOADER = "$(TEST_HOST)";
				CODE_SIGN_STYLE = Automatic;
				CURRENT_PROJECT_VERSION = 1;
				DEVELOPMENT_TEAM = P3F223AN77;
				GENERATE_INFOPLIST_FILE = YES;
				IPHONEOS_DEPLOYMENT_TARGET = 15.2;
				MACOSX_DEPLOYMENT_TARGET = 13.0;
				MARKETING_VERSION = 1.0;
				PRODUCT_BUNDLE_IDENTIFIER = com.alfaraby.AppFastlaneTests;
				PRODUCT_NAME = "$(TARGET_NAME)";
				SDKROOT = auto;
				SUPPORTED_PLATFORMS = "iphoneos iphonesimulator macosx";
				SWIFT_EMIT_LOC_STRINGS = NO;
				SWIFT_VERSION = 5.0;
				TARGETED_DEVICE_FAMILY = "1,2";
				TEST_HOST = "$(BUILT_PRODUCTS_DIR)/AppFastlane.app/AppFastlane";
			};
			name = Debug;
		};
		B691124C294F20C100C6CAB6 /* Release */ = {
			isa = XCBuildConfiguration;
			buildSettings = {
				BUNDLE_LOADER = "$(TEST_HOST)";
				CODE_SIGN_STYLE = Automatic;
				CURRENT_PROJECT_VERSION = 1;
				DEVELOPMENT_TEAM = P3F223AN77;
				GENERATE_INFOPLIST_FILE = YES;
				IPHONEOS_DEPLOYMENT_TARGET = 15.2;
				MACOSX_DEPLOYMENT_TARGET = 13.0;
				MARKETING_VERSION = 1.0;
				PRODUCT_BUNDLE_IDENTIFIER = com.alfaraby.AppFastlaneTests;
				PRODUCT_NAME = "$(TARGET_NAME)";
				SDKROOT = auto;
				SUPPORTED_PLATFORMS = "iphoneos iphonesimulator macosx";
				SWIFT_EMIT_LOC_STRINGS = NO;
				SWIFT_VERSION = 5.0;
				TARGETED_DEVICE_FAMILY = "1,2";
				TEST_HOST = "$(BUILT_PRODUCTS_DIR)/AppFastlane.app/AppFastlane";
			};
			name = Release;
		};
/* End XCBuildConfiguration section */

/* Begin XCConfigurationList section */
		B691122A294F205D00C6CAB6 /* Build configuration list for PBXProject "AppFastlane" */ = {
			isa = XCConfigurationList;
			buildConfigurations = (
				B691123B294F205E00C6CAB6 /* Debug */,
				B691123C294F205E00C6CAB6 /* Release */,
			);
			defaultConfigurationIsVisible = 0;
			defaultConfigurationName = Release;
		};
		B691123D294F205E00C6CAB6 /* Build configuration list for PBXNativeTarget "AppFastlane" */ = {
			isa = XCConfigurationList;
			buildConfigurations = (
				B691123E294F205E00C6CAB6 /* Debug */,
				B691123F294F205E00C6CAB6 /* Release */,
			);
			defaultConfigurationIsVisible = 0;
			defaultConfigurationName = Release;
		};
		B691124A294F20C100C6CAB6 /* Build configuration list for PBXNativeTarget "AppFastlaneTests" */ = {
			isa = XCConfigurationList;
			buildConfigurations = (
				B691124B294F20C100C6CAB6 /* Debug */,
				B691124C294F20C100C6CAB6 /* Release */,
			);
			defaultConfigurationIsVisible = 0;
			defaultConfigurationName = Release;
		};
/* End XCConfigurationList section */
	};
	rootObject = B6911227294F205D00C6CAB6 /* Project object */;
}
